PODS:
  - Alamofire (5.4.1)
  - Moya (14.0.0):
    - Moya/Core (= 14.0.0)
  - Moya/Core (14.0.0):
    - Alamofire (~> 5.0)
  - PromiseKit (6.13.1):
    - PromiseKit/CorePromise (= 6.13.1)
    - PromiseKit/Foundation (= 6.13.1)
    - PromiseKit/UIKit (= 6.13.1)
  - PromiseKit/CorePromise (6.13.1)
  - PromiseKit/Foundation (6.13.1):
    - PromiseKit/CorePromise
  - PromiseKit/UIKit (6.13.1):
    - PromiseKit/CorePromise
  - TextFieldEffects (1.6.0)

DEPENDENCIES:
  - Moya (~> 14.0)
  - PromiseKit (~> 6.8)
  - TextFieldEffects

SPEC REPOS:
  trunk:
    - Alamofire
    - Moya
    - PromiseKit
    - TextFieldEffects

SPEC CHECKSUMS:
  Alamofire: 2291f7d21ca607c491dd17642e5d40fdcda0e65c
  Moya: 5b45dacb75adb009f97fde91c204c1e565d31916
  PromiseKit: 28fda91c973cc377875d8c0ea4f973013c05b6db
  TextFieldEffects: 529b8aff706fb40f82c41c780c0777941a893796

PODFILE CHECKSUM: a16c04ce89a2c11526b0f269cfd89e18bf66fa3d

COCOAPODS: 1.10.1
